
Microsoft Visual Studio Solution File, Format Version 12.00
# Visual Studio 2012
Project("{FAE04EC0-301F-11D3-BF4B-00C04F79EFBC}") = "DevHelper", "DevHelper\DevHelper.csproj", "{AD3B466D-3C60-45E3-8E72-36CB5D497A14}"
EndProject
Global
	GlobalSection(SolutionConfigurationPlatforms) = preSolution
		Debug|Any CPU = Debug|Any CPU
		Release|Any CPU = Release|Any CPU
	EndGlobalSection
	GlobalSection(ProjectConfigurationPlatforms) = postSolution
		{AD3B466D-3C60-45E3-8E72-36CB5D497A14}.Debug|Any CPU.ActiveCfg = Debug|Any CPU
		{AD3B466D-3C60-45E3-8E72-36CB5D497A14}.Debug|Any CPU.Build.0 = Debug|Any CPU
		{AD3B466D-3C60-45E3-8E72-36CB5D497A14}.Release|Any CPU.ActiveCfg = Release|Any CPU
		{AD3B466D-3C60-45E3-8E72-36CB5D497A14}.Release|Any CPU.Build.0 = Release|Any CPU
	EndGlobalSection
	GlobalSection(SolutionProperties) = preSolution
		HideSolutionNode = FALSE
	EndGlobalSection
EndGlobal
